{
  "object": {
    "pins": [
      {
        "package": "APIClient",
        "repositoryURL": "https://github.com/iOS-App-Development/APIClient.git",
        "state": {
          "branch": "master",
          "revision": "614c8787ee72b59d7fae7f69e74a1f75f5c1a12b",
          "version": null
        }
      },
      {
        "package": "APIClientModule",
        "repositoryURL": "https://github.com/iOS-App-Development/APIClientModule.git",
        "state": {
          "branch": "master",
          "revision": "fc500198e21bb90270695a76601c3ac657940a10",
          "version": null
        }
      },
      {
        "package": "CoreModule",
        "repositoryURL": "https://github.com/iOS-App-Development/CoreModule.git",
        "state": {
          "branch": "master",
          "revision": "1e042abede08e24b73e7b40bc75d16291a3ef4b8",
          "version": null
        }
      },
      {
        "package": "HomeFeature",
        "repositoryURL": "https://github.com/iOS-App-Development/HomeFeature.git",
        "state": {
          "branch": "master",
          "revision": "a21a85e282f825510d3ed1d58fa8bf7f7ed74569",
          "version": null
        }
      },
      {
        "package": "SharedModule",
        "repositoryURL": "https://github.com/iOS-App-Development/SharedModule.git",
        "state": {
          "branch": "master",
          "revision": "31b2c8251dfc105d348625c06572a032273a57a2",
          "version": null
        }
      }
    ]
  },
  "version": 1
}
