{
  "object": {
    "pins": [
      {
        "package": "APIClient",
        "repositoryURL": "https://github.com/iOS-App-Development/APIClient.git",
        "state": {
          "branch": "master",
          "revision": "aa08313623f0a6c15489ec396163f112d3f72d3b",
          "version": null
        }
      },
      {
        "package": "APIClientModule",
        "repositoryURL": "https://github.com/iOS-App-Development/APIClientModule.git",
        "state": {
          "branch": "master",
          "revision": "50e1d57161c25a6d544a8440dbbf0a8b20ad003e",
          "version": null
        }
      },
      {
        "package": "CoreModule",
        "repositoryURL": "https://github.com/iOS-App-Development/CoreModule.git",
        "state": {
          "branch": "master",
          "revision": "bc46ab852a2b2a37d821d23989dc1d8d3fd4d7bf",
          "version": null
        }
      },
      {
        "package": "HomeFeature",
        "repositoryURL": "https://github.com/iOS-App-Development/HomeFeature.git",
        "state": {
          "branch": "master",
          "revision": "01a4b9c343a74603cb0be7c8f2f419f9641b0901",
          "version": null
        }
      },
      {
        "package": "HTTPClientModule",
        "repositoryURL": "https://github.com/iOS-App-Development/HTTPClientModule.git",
        "state": {
          "branch": "master",
          "revision": "c27ee3f70f506259625b77523df1c4a260cbc704",
          "version": null
        }
      },
      {
        "package": "SharedModule",
        "repositoryURL": "https://github.com/iOS-App-Development/SharedModule.git",
        "state": {
          "branch": "master",
          "revision": "6e5171bb499604275a28324ad1fbb8954bd3d9b8",
          "version": null
        }
      }
    ]
  },
  "version": 1
}
