{
  "object": {
    "pins": [
      {
        "package": "APIClient",
        "repositoryURL": "https://github.com/iOS-App-Development/APIClient.git",
        "state": {
          "branch": "master",
          "revision": "2736b4dd8beb4f2a1f3cf2f7fb28733177a9853e",
          "version": null
        }
      },
      {
        "package": "APIClientModule",
        "repositoryURL": "https://github.com/iOS-App-Development/APIClientModule.git",
        "state": {
          "branch": "master",
          "revision": "0f0fc48d3e4d0e24d71cb144b223f8f44033e282",
          "version": null
        }
      },
      {
        "package": "CoreModule",
        "repositoryURL": "https://github.com/iOS-App-Development/CoreModule.git",
        "state": {
          "branch": "master",
          "revision": "1e042abede08e24b73e7b40bc75d16291a3ef4b8",
          "version": null
        }
      },
      {
        "package": "HomeFeature",
        "repositoryURL": "https://github.com/iOS-App-Development/HomeFeature.git",
        "state": {
          "branch": "master",
          "revision": "07bedb1b9d3073f233e02926b18e408738d4589c",
          "version": null
        }
      },
      {
        "package": "HTTPClientModule",
        "repositoryURL": "https://github.com/iOS-App-Development/HTTPClientModule.git",
        "state": {
          "branch": "master",
          "revision": "f7a87b65ef8df04ab813555ce9f2700bfaec9100",
          "version": null
        }
      },
      {
        "package": "SharedModule",
        "repositoryURL": "https://github.com/iOS-App-Development/SharedModule.git",
        "state": {
          "branch": "master",
          "revision": "31b2c8251dfc105d348625c06572a032273a57a2",
          "version": null
        }
      }
    ]
  },
  "version": 1
}
